
Microsoft Visual Studio Solution File, Format Version 11.00
# Visual Studio 2010
Project("{FAE04EC0-301F-11D3-BF4B-00C04F79EFBC}") = "Class_Organizer", "WindowsFormsApplication1\Class_Organizer.csproj", "{2E9672F1-D5BD-4E5C-B95E-CCE978091248}"
EndProject
Global
	GlobalSection(SolutionConfigurationPlatforms) = preSolution
		Debug|x86 = Debug|x86
		Release|x86 = Release|x86
	EndGlobalSection
	GlobalSection(ProjectConfigurationPlatforms) = postSolution
		{2E9672F1-D5BD-4E5C-B95E-CCE978091248}.Debug|x86.ActiveCfg = Debug|x86
		{2E9672F1-D5BD-4E5C-B95E-CCE978091248}.Debug|x86.Build.0 = Debug|x86
		{2E9672F1-D5BD-4E5C-B95E-CCE978091248}.Release|x86.ActiveCfg = Release|x86
		{2E9672F1-D5BD-4E5C-B95E-CCE978091248}.Release|x86.Build.0 = Release|x86
	EndGlobalSection
	GlobalSection(SolutionProperties) = preSolution
		HideSolutionNode = FALSE
	EndGlobalSection
EndGlobal
